<Solution>
  <Project Path="WorldOfSportBoules.Application/WorldOfSportBoules.Application.csproj" Id="fa7d096d-aa63-46d5-ad78-55daedba7957" />
  <Project Path="WorldOfSportBoules.ApplicationTests/WorldOfSportBoules.ApplicationTests.csproj" Id="6736cdfb-1caf-4b75-b6dc-cc473bdcf08a" />
  <Project Path="WorldOfSportBoules.ConsoleApp/WorldOfSportBoules.ConsoleApp.csproj" />
</Solution>
